# This file is automatically @generated by Cargo.
# It is not intended for manual editing.
version = 3

[[package]]
name = "bump"
version = "0.1.0"

[[package]]
name = "parse"
version = "0.1.0"
dependencies = [
 "bump",
]

[[package]]
name = "semant"
version = "0.1.0"
dependencies = [
 "bump",
 "parse",
]

[[package]]
name = "weakc"
version = "0.1.0"
